
Microsoft Visual Studio Solution File, Format Version 12.00
# Visual Studio Version 17
VisualStudioVersion = 17.8.34309.116
MinimumVisualStudioVersion = 10.0.40219.1
Project("{9A19103F-16F7-4668-BE54-9A1E7A4F7556}") = "VVVoyage", "VVVoyage\VVVoyage.csproj", "{5C7ACF1B-E976-46C9-A040-55C220019479}"
EndProject
Project("{9A19103F-16F7-4668-BE54-9A1E7A4F7556}") = "Domain", "Domain\Domain.csproj", "{710D4DDC-F1D2-4452-AED3-B4CD6D01521E}"
EndProject
Project("{FAE04EC0-301F-11D3-BF4B-00C04F79EFBC}") = "XunitTest", "XunitTest\XunitTest.csproj", "{43D6B70F-633B-42D8-9142-324D2FDAEFE6}"
EndProject
Global
	GlobalSection(SolutionConfigurationPlatforms) = preSolution
		Debug|Any CPU = Debug|Any CPU
		Release|Any CPU = Release|Any CPU
	EndGlobalSection
	GlobalSection(ProjectConfigurationPlatforms) = postSolution
		{5C7ACF1B-E976-46C9-A040-55C220019479}.Debug|Any CPU.ActiveCfg = Debug|Any CPU
		{5C7ACF1B-E976-46C9-A040-55C220019479}.Debug|Any CPU.Build.0 = Debug|Any CPU
		{5C7ACF1B-E976-46C9-A040-55C220019479}.Debug|Any CPU.Deploy.0 = Debug|Any CPU
		{5C7ACF1B-E976-46C9-A040-55C220019479}.Release|Any CPU.ActiveCfg = Release|Any CPU
		{5C7ACF1B-E976-46C9-A040-55C220019479}.Release|Any CPU.Build.0 = Release|Any CPU
		{5C7ACF1B-E976-46C9-A040-55C220019479}.Release|Any CPU.Deploy.0 = Release|Any CPU
		{710D4DDC-F1D2-4452-AED3-B4CD6D01521E}.Debug|Any CPU.ActiveCfg = Debug|Any CPU
		{710D4DDC-F1D2-4452-AED3-B4CD6D01521E}.Debug|Any CPU.Build.0 = Debug|Any CPU
		{710D4DDC-F1D2-4452-AED3-B4CD6D01521E}.Release|Any CPU.ActiveCfg = Release|Any CPU
		{710D4DDC-F1D2-4452-AED3-B4CD6D01521E}.Release|Any CPU.Build.0 = Release|Any CPU
		{43D6B70F-633B-42D8-9142-324D2FDAEFE6}.Debug|Any CPU.ActiveCfg = Debug|Any CPU
		{43D6B70F-633B-42D8-9142-324D2FDAEFE6}.Debug|Any CPU.Build.0 = Debug|Any CPU
		{43D6B70F-633B-42D8-9142-324D2FDAEFE6}.Release|Any CPU.ActiveCfg = Release|Any CPU
		{43D6B70F-633B-42D8-9142-324D2FDAEFE6}.Release|Any CPU.Build.0 = Release|Any CPU
	EndGlobalSection
	GlobalSection(SolutionProperties) = preSolution
		HideSolutionNode = FALSE
	EndGlobalSection
	GlobalSection(ExtensibilityGlobals) = postSolution
		SolutionGuid = {B92242AF-13DE-42BD-8D70-424FFEE3F185}
	EndGlobalSection
EndGlobal
